
Microsoft Visual Studio Solution File, Format Version 12.00
# Visual Studio Version 16
VisualStudioVersion = 16.0.29806.167
MinimumVisualStudioVersion = 10.0.40219.1
Project("{FAE04EC0-301F-11D3-BF4B-00C04F79EFBC}") = "MultipleMethods", "MultipleMethods\MultipleMethods.csproj", "{60E0D772-1080-4139-9D32-CDAD44327684}"
EndProject
Global
	GlobalSection(SolutionConfigurationPlatforms) = preSolution
		Debug|Any CPU = Debug|Any CPU
		Release|Any CPU = Release|Any CPU
	EndGlobalSection
	GlobalSection(ProjectConfigurationPlatforms) = postSolution
		{60E0D772-1080-4139-9D32-CDAD44327684}.Debug|Any CPU.ActiveCfg = Debug|Any CPU
		{60E0D772-1080-4139-9D32-CDAD44327684}.Debug|Any CPU.Build.0 = Debug|Any CPU
		{60E0D772-1080-4139-9D32-CDAD44327684}.Release|Any CPU.ActiveCfg = Release|Any CPU
		{60E0D772-1080-4139-9D32-CDAD44327684}.Release|Any CPU.Build.0 = Release|Any CPU
	EndGlobalSection
	GlobalSection(SolutionProperties) = preSolution
		HideSolutionNode = FALSE
	EndGlobalSection
	GlobalSection(ExtensibilityGlobals) = postSolution
		SolutionGuid = {44C6080C-C2D2-421E-915D-905CDA4731D5}
	EndGlobalSection
EndGlobal
