
Microsoft Visual Studio Solution File, Format Version 12.00
# Visual Studio Version 16
VisualStudioVersion = 16.0.29806.167
MinimumVisualStudioVersion = 10.0.40219.1
Project("{FAE04EC0-301F-11D3-BF4B-00C04F79EFBC}") = "BookNames", "BookNames\BookNames.csproj", "{05947392-0E5F-47C1-A907-100B89C8AD04}"
EndProject
Global
	GlobalSection(SolutionConfigurationPlatforms) = preSolution
		Debug|Any CPU = Debug|Any CPU
		Release|Any CPU = Release|Any CPU
	EndGlobalSection
	GlobalSection(ProjectConfigurationPlatforms) = postSolution
		{05947392-0E5F-47C1-A907-100B89C8AD04}.Debug|Any CPU.ActiveCfg = Debug|Any CPU
		{05947392-0E5F-47C1-A907-100B89C8AD04}.Debug|Any CPU.Build.0 = Debug|Any CPU
		{05947392-0E5F-47C1-A907-100B89C8AD04}.Release|Any CPU.ActiveCfg = Release|Any CPU
		{05947392-0E5F-47C1-A907-100B89C8AD04}.Release|Any CPU.Build.0 = Release|Any CPU
	EndGlobalSection
	GlobalSection(SolutionProperties) = preSolution
		HideSolutionNode = FALSE
	EndGlobalSection
	GlobalSection(ExtensibilityGlobals) = postSolution
		SolutionGuid = {9B86875F-1DF1-4474-9B18-0CA6E0960A1B}
	EndGlobalSection
EndGlobal
