
Microsoft Visual Studio Solution File, Format Version 12.00
# Visual Studio Version 16
VisualStudioVersion = 16.0.29806.167
MinimumVisualStudioVersion = 10.0.40219.1
Project("{FAE04EC0-301F-11D3-BF4B-00C04F79EFBC}") = "Daily Report", "Daily Report\Daily Report.csproj", "{B79047E0-5EA4-4EFE-A4E8-0A6563495705}"
EndProject
Global
	GlobalSection(SolutionConfigurationPlatforms) = preSolution
		Debug|Any CPU = Debug|Any CPU
		Release|Any CPU = Release|Any CPU
	EndGlobalSection
	GlobalSection(ProjectConfigurationPlatforms) = postSolution
		{B79047E0-5EA4-4EFE-A4E8-0A6563495705}.Debug|Any CPU.ActiveCfg = Debug|Any CPU
		{B79047E0-5EA4-4EFE-A4E8-0A6563495705}.Debug|Any CPU.Build.0 = Debug|Any CPU
		{B79047E0-5EA4-4EFE-A4E8-0A6563495705}.Release|Any CPU.ActiveCfg = Release|Any CPU
		{B79047E0-5EA4-4EFE-A4E8-0A6563495705}.Release|Any CPU.Build.0 = Release|Any CPU
	EndGlobalSection
	GlobalSection(SolutionProperties) = preSolution
		HideSolutionNode = FALSE
	EndGlobalSection
	GlobalSection(ExtensibilityGlobals) = postSolution
		SolutionGuid = {759F9B19-F2AC-4953-8811-6EA846839ACE}
	EndGlobalSection
EndGlobal
